
Microsoft Visual Studio Solution File, Format Version 12.00
# Visual Studio Version 17
VisualStudioVersion = 17.5.002.0
MinimumVisualStudioVersion = 10.0.40219.1
Project("{FAE04EC0-301F-11D3-BF4B-00C04F79EFBC}") = "ReleaseRetention", "ReleaseRetention\ReleaseRetention.csproj", "{B4558960-1F95-4F09-9087-90E59C67836B}"
EndProject
Project("{FAE04EC0-301F-11D3-BF4B-00C04F79EFBC}") = "ReleaseRetention.Tests", "ReleaseRetention.Tests\ReleaseRetention.Tests.csproj", "{7B46324C-AF8B-48EC-A95E-011B356CFBB2}"
EndProject
Global
	GlobalSection(SolutionConfigurationPlatforms) = preSolution
		Debug|Any CPU = Debug|Any CPU
		Release|Any CPU = Release|Any CPU
	EndGlobalSection
	GlobalSection(ProjectConfigurationPlatforms) = postSolution
		{B4558960-1F95-4F09-9087-90E59C67836B}.Debug|Any CPU.ActiveCfg = Debug|Any CPU
		{B4558960-1F95-4F09-9087-90E59C67836B}.Debug|Any CPU.Build.0 = Debug|Any CPU
		{B4558960-1F95-4F09-9087-90E59C67836B}.Release|Any CPU.ActiveCfg = Release|Any CPU
		{B4558960-1F95-4F09-9087-90E59C67836B}.Release|Any CPU.Build.0 = Release|Any CPU
		{7B46324C-AF8B-48EC-A95E-011B356CFBB2}.Debug|Any CPU.ActiveCfg = Debug|Any CPU
		{7B46324C-AF8B-48EC-A95E-011B356CFBB2}.Debug|Any CPU.Build.0 = Debug|Any CPU
		{7B46324C-AF8B-48EC-A95E-011B356CFBB2}.Release|Any CPU.ActiveCfg = Release|Any CPU
		{7B46324C-AF8B-48EC-A95E-011B356CFBB2}.Release|Any CPU.Build.0 = Release|Any CPU
	EndGlobalSection
	GlobalSection(SolutionProperties) = preSolution
		HideSolutionNode = FALSE
	EndGlobalSection
	GlobalSection(ExtensibilityGlobals) = postSolution
		SolutionGuid = {E50FF9AF-A325-4ABB-AA39-352E29900549}
	EndGlobalSection
EndGlobal
